<?xml version="1.0" encoding="utf-8"?>
<Project ToolsVersion="4.0" xmlns="http://schemas.microsoft.com/developer/msbuild/2003">
  <ItemGroup>
    <ClCompile Include="Source\CommandManager.cpp" />
    <ClCompile Include="Source\ConfigFileManager.cpp" />
    <ClCompile Include="Source\ConfigInfo.cpp" />
    <ClCompile Include="Source\DataManager.cpp" />
    <ClCompile Include="Source\FileNames.cpp" />
    <ClCompile Include="Source\MonthConverter.cpp" />
    <ClCompile Include="Source\FinanceEntry.cpp" />
    <ClCompile Include="Source\main.cpp" />
    <ClCompile Include="Source\MonthFileManager.cpp" />
    <ClCompile Include="Source\Request.cpp" />
    <ClCompile Include="Source\TimeHolder.cpp" />
    <ClCompile Include="Tests\configTest.cpp" />
    <ClCompile Include="Tests\ctimeTest.cpp" />
    <ClCompile Include="Tests\monthToDaysTest.cpp" />
    <ClCompile Include="Tests\regexTest.cpp" />
    <ClCompile Include="Tests\streamFormattingTest.cpp" />
    <ClCompile Include="Tests\timeHolderTest.cpp" />
    <ClCompile Include="Tests\constPtrTest.cpp" />
    <ClCompile Include="Tests\requestTest.cpp" />
    <ClCompile Include="Tests\fileNamesTest.cpp" />
  </ItemGroup>
  <ItemGroup>
    <ClInclude Include="Include\Enums\Direction.h" />
    <ClInclude Include="Include\Enums\Month.h" />
    <ClInclude Include="Include\Managers\ConfigFileManager.h" />
    <ClInclude Include="Include\Managers\DataManager.h" />
    <ClInclude Include="Include\Managers\MonthFileManager.h" />
    <ClInclude Include="Include\Util\ConfigInfo.h" />
    <ClInclude Include="Include\Util\FileNames.h" />
    <ClInclude Include="Include\Util\Request.h" />
    <ClInclude Include="Include\Time\MonthConverter.h" />
    <ClInclude Include="Include\Managers\CommandManager.h" />
    <ClInclude Include="Include\Enums\CommandType.h" />
    <ClInclude Include="Include\Entry\FinanceEntry.h" />
    <ClInclude Include="Include\Time\TimeHolder.h" />
  </ItemGroup>
  <ItemGroup>
    <None Include="TestExpencesTest.bin" />
  </ItemGroup>
</Project>