<?xml version="1.0" encoding="utf-8"?>
<Project ToolsVersion="4.0" xmlns="http://schemas.microsoft.com/developer/msbuild/2003">
  <ItemGroup>
    <ClCompile Include="Source\CommandManager.cpp" />
    <ClCompile Include="Source\ConfigFileManager.cpp" />
    <ClCompile Include="Source\ConfigInfo.cpp" />
    <ClCompile Include="Source\FileNames.cpp" />
    <ClCompile Include="Source\MonthConverter.cpp" />
    <ClCompile Include="Source\FinanceEntry.cpp" />
    <ClCompile Include="Source\main.cpp" />
    <ClCompile Include="Source\MonthFileManager.cpp" />
    <ClCompile Include="Source\Request.cpp" />
    <ClCompile Include="Source\TimeHolder.cpp" />
    <ClCompile Include="Tests\configTest.cpp" />
    <ClCompile Include="Tests\ctimeTest.cpp" />
    <ClCompile Include="Tests\monthToDaysTest.cpp" />
    <ClCompile Include="Tests\regexTest.cpp" />
    <ClCompile Include="Tests\streamFormattingTest.cpp" />
    <ClCompile Include="Tests\timeHolderTest.cpp" />
    <ClCompile Include="Tests\constPtrTest.cpp" />
    <ClCompile Include="Tests\requestTest.cpp" />
    <ClCompile Include="Tests\fileNamesTest.cpp" />
    <ClCompile Include="Source\EntryIterator.cpp" />
    <ClCompile Include="Tests\iteratorFileManagerTest.cpp" />
    <ClCompile Include="Tests\monthFileManagerTest.cpp" />
    <ClCompile Include="Source\AComplexPredicate.cpp" />
    <ClCompile Include="Source\CategoryPredicate.cpp" />
    <ClCompile Include="Source\SumTypePredicate.cpp" />
    <ClCompile Include="Source\TimeEdgePredicate.cpp" />
    <ClCompile Include="Source\Application.cpp" />
    <ClCompile Include="Source\GlobalManager.cpp" />
    <ClCompile Include="Tests\referenceTest.cpp" />
    <ClCompile Include="Source\RequestFactory.cpp" />
    <ClCompile Include="Source\DescriptionPredicate.cpp" />
    <ClCompile Include="Source\CommandParametersExtractor.cpp" />
    <ClCompile Include="Tests\requestFactoryTest.cpp" />
    <ClCompile Include="Source\AEntryModificator.cpp" />
    <ClCompile Include="Source\DescriptionModificator.cpp" />
    <ClCompile Include="Source\SumModificator.cpp" />
    <ClCompile Include="Source\CategoryModificator.cpp" />
    <ClCompile Include="Source\EntryModificatorFactory.cpp" />
    <ClCompile Include="Tests\filySystemTest.cpp" />
  </ItemGroup>
  <ItemGroup>
    <ClInclude Include="Include\Enums\Month.h" />
    <ClInclude Include="Include\Managers\ConfigFileManager.h" />
    <ClInclude Include="Include\Managers\MonthFileManager.h" />
    <ClInclude Include="Include\Util\ConfigInfo.h" />
    <ClInclude Include="Include\Util\FileNames.h" />
    <ClInclude Include="Include\Time\MonthConverter.h" />
    <ClInclude Include="Include\Managers\CommandManager.h" />
    <ClInclude Include="Include\Enums\CommandType.h" />
    <ClInclude Include="Include\Entry\FinanceEntry.h" />
    <ClInclude Include="Include\Time\TimeHolder.h" />
    <ClInclude Include="Include\Util\EntryIterator.h" />
    <ClInclude Include="Include\Managers\GlobalManager.h" />
    <ClInclude Include="Include\Util\Request\Request.h" />
    <ClInclude Include="Include\Enums\EntrySumType.h" />
    <ClInclude Include="Include\Util\Request\ComplexPredicate\AComplexPredicate.h" />
    <ClInclude Include="Include\Util\Request\ComplexPredicate\CategoryPredicate.h" />
    <ClInclude Include="Include\Util\Request\ComplexPredicate\SumTypePredicate.h" />
    <ClInclude Include="Include\Util\Request\ComplexPredicate\TimeEdgePredicate.h" />
    <ClInclude Include="Include\Application.h" />
    <ClInclude Include="Include\Util\Request\RequestFactory.h" />
    <ClInclude Include="Include\Util\Request\ComplexPredicate\DescriptionPredicate.h" />
    <ClInclude Include="Include\Util\CommandParametersExtractor.h" />
    <ClInclude Include="Include\Entry\EntryModificator\AEntryModificator.h" />
    <ClInclude Include="Include\Entry\EntryModificator\CategoryModificator.h" />
    <ClInclude Include="Include\Entry\EntryModificator\DescriptionModificator.h" />
    <ClInclude Include="Include\Entry\EntryModificator\SumModificator.h" />
    <ClInclude Include="Include\Entry\EntryModificator\EntryModificatorFactory.h" />
  </ItemGroup>
  <ItemGroup>
    <None Include="TestExpencesTest.bin" />
  </ItemGroup>
  <ItemGroup>
    <Natvis Include="NatvisVisualizers\time_holder.natvis" />
  </ItemGroup>
</Project>